
Microsoft Visual Studio Solution File, Format Version 11.00
# Visual Studio 2010
Project("{FAE04EC0-301F-11D3-BF4B-00C04F79EFBC}") = "Assembly-CSharp", "Assembly-CSharp.csproj", "{42707527-862a-45b3-bc99-90e0948025d9}"
EndProject
Project("{FAE04EC0-301F-11D3-BF4B-00C04F79EFBC}") = "Assembly-CSharp-Editor", "Assembly-CSharp-Editor.csproj", "{0143c6aa-cf70-197d-e6bc-450309009690}"
EndProject
Global
	GlobalSection(SolutionConfigurationPlatforms) = preSolution
		Debug|Any CPU = Debug|Any CPU
	EndGlobalSection
	GlobalSection(ProjectConfigurationPlatforms) = postSolution
		{42707527-862a-45b3-bc99-90e0948025d9}.Debug|Any CPU.ActiveCfg = Debug|Any CPU
		{42707527-862a-45b3-bc99-90e0948025d9}.Debug|Any CPU.Build.0 = Debug|Any CPU
		{0143c6aa-cf70-197d-e6bc-450309009690}.Debug|Any CPU.ActiveCfg = Debug|Any CPU
		{0143c6aa-cf70-197d-e6bc-450309009690}.Debug|Any CPU.Build.0 = Debug|Any CPU
	EndGlobalSection
	GlobalSection(SolutionProperties) = preSolution
		HideSolutionNode = FALSE
	EndGlobalSection
EndGlobal
